
Microsoft Visual Studio Solution File, Format Version 12.00
# Visual Studio Version 16
VisualStudioVersion = 16.0.31105.61
MinimumVisualStudioVersion = 10.0.40219.1
Project("{FAE04EC0-301F-11D3-BF4B-00C04F79EFBC}") = "Actividad_12", "Actividad_12.csproj", "{F3814CAC-DC5B-4337-BCD7-143ED2FA4AE6}"
EndProject
Global
	GlobalSection(SolutionConfigurationPlatforms) = preSolution
		Debug|Any CPU = Debug|Any CPU
		Release|Any CPU = Release|Any CPU
	EndGlobalSection
	GlobalSection(ProjectConfigurationPlatforms) = postSolution
		{F3814CAC-DC5B-4337-BCD7-143ED2FA4AE6}.Debug|Any CPU.ActiveCfg = Debug|Any CPU
		{F3814CAC-DC5B-4337-BCD7-143ED2FA4AE6}.Debug|Any CPU.Build.0 = Debug|Any CPU
		{F3814CAC-DC5B-4337-BCD7-143ED2FA4AE6}.Release|Any CPU.ActiveCfg = Release|Any CPU
		{F3814CAC-DC5B-4337-BCD7-143ED2FA4AE6}.Release|Any CPU.Build.0 = Release|Any CPU
	EndGlobalSection
	GlobalSection(SolutionProperties) = preSolution
		HideSolutionNode = FALSE
	EndGlobalSection
	GlobalSection(ExtensibilityGlobals) = postSolution
		SolutionGuid = {29E81E81-77C9-439E-B268-A02E8749BDCE}
	EndGlobalSection
EndGlobal
